
Microsoft Visual Studio Solution File, Format Version 12.00
# Visual Studio Version 16
VisualStudioVersion = 16.0.29230.47
MinimumVisualStudioVersion = 10.0.40219.1
Project("{FAE04EC0-301F-11D3-BF4B-00C04F79EFBC}") = "MuebleriaCostaRica", "MuebleriaCostaRica\MuebleriaCostaRica.csproj", "{358B8BA9-3B91-4762-A288-F43E17AEB549}"
EndProject
Global
	GlobalSection(SolutionConfigurationPlatforms) = preSolution
		Debug|Any CPU = Debug|Any CPU
		Release|Any CPU = Release|Any CPU
	EndGlobalSection
	GlobalSection(ProjectConfigurationPlatforms) = postSolution
		{358B8BA9-3B91-4762-A288-F43E17AEB549}.Debug|Any CPU.ActiveCfg = Debug|Any CPU
		{358B8BA9-3B91-4762-A288-F43E17AEB549}.Debug|Any CPU.Build.0 = Debug|Any CPU
		{358B8BA9-3B91-4762-A288-F43E17AEB549}.Release|Any CPU.ActiveCfg = Release|Any CPU
		{358B8BA9-3B91-4762-A288-F43E17AEB549}.Release|Any CPU.Build.0 = Release|Any CPU
	EndGlobalSection
	GlobalSection(SolutionProperties) = preSolution
		HideSolutionNode = FALSE
	EndGlobalSection
	GlobalSection(ExtensibilityGlobals) = postSolution
		SolutionGuid = {3BCE556D-4ACD-4FD7-B34E-9D3B717A67DB}
	EndGlobalSection
EndGlobal
